
Microsoft Visual Studio Solution File, Format Version 12.00
# Visual Studio 2013
VisualStudioVersion = 12.0.21005.1
MinimumVisualStudioVersion = 10.0.40219.1
Project("{FAE04EC0-301F-11D3-BF4B-00C04F79EFBC}") = "UniversityManagementSystemApplication", "UniversityManagementSystemWebApplication\UniversityManagementSystemApplication.csproj", "{342D758E-5DA7-40E3-8F46-6676F1524CC3}"
EndProject
Global
	GlobalSection(SolutionConfigurationPlatforms) = preSolution
		Debug|Any CPU = Debug|Any CPU
		Release|Any CPU = Release|Any CPU
	EndGlobalSection
	GlobalSection(ProjectConfigurationPlatforms) = postSolution
		{342D758E-5DA7-40E3-8F46-6676F1524CC3}.Debug|Any CPU.ActiveCfg = Debug|Any CPU
		{342D758E-5DA7-40E3-8F46-6676F1524CC3}.Debug|Any CPU.Build.0 = Debug|Any CPU
		{342D758E-5DA7-40E3-8F46-6676F1524CC3}.Release|Any CPU.ActiveCfg = Release|Any CPU
		{342D758E-5DA7-40E3-8F46-6676F1524CC3}.Release|Any CPU.Build.0 = Release|Any CPU
	EndGlobalSection
	GlobalSection(SolutionProperties) = preSolution
		HideSolutionNode = FALSE
	EndGlobalSection
EndGlobal
